
Microsoft Visual Studio Solution File, Format Version 12.00
# Visual Studio Version 16
VisualStudioVersion = 16.0.32413.511
MinimumVisualStudioVersion = 10.0.40219.1
Project("{FAE04EC0-301F-11D3-BF4B-00C04F79EFBC}") = "utils", "utils.csproj", "{8199F539-C2C1-4317-BB2D-60A2AD8F8C09}"
EndProject
Global
	GlobalSection(SolutionConfigurationPlatforms) = preSolution
		Debug|Any CPU = Debug|Any CPU
		Release|Any CPU = Release|Any CPU
	EndGlobalSection
	GlobalSection(ProjectConfigurationPlatforms) = postSolution
		{8199F539-C2C1-4317-BB2D-60A2AD8F8C09}.Debug|Any CPU.ActiveCfg = Debug|Any CPU
		{8199F539-C2C1-4317-BB2D-60A2AD8F8C09}.Debug|Any CPU.Build.0 = Debug|Any CPU
		{8199F539-C2C1-4317-BB2D-60A2AD8F8C09}.Release|Any CPU.ActiveCfg = Release|Any CPU
		{8199F539-C2C1-4317-BB2D-60A2AD8F8C09}.Release|Any CPU.Build.0 = Release|Any CPU
	EndGlobalSection
	GlobalSection(SolutionProperties) = preSolution
		HideSolutionNode = FALSE
	EndGlobalSection
	GlobalSection(ExtensibilityGlobals) = postSolution
		SolutionGuid = {FE219E77-5E4E-4ADD-99D8-EDB2E509D0CF}
	EndGlobalSection
EndGlobal
